
Microsoft Visual Studio Solution File, Format Version 12.00
# Visual Studio 15
VisualStudioVersion = 15.0.28307.1525
MinimumVisualStudioVersion = 10.0.40219.1
Project("{FAE04EC0-301F-11D3-BF4B-00C04F79EFBC}") = "ParkingFee.Test", "ParkingFee.Test\ParkingFee.Test.csproj", "{E8D4C258-7809-42EF-9C28-8C3DC48AF696}"
EndProject
Project("{FAE04EC0-301F-11D3-BF4B-00C04F79EFBC}") = "Q02", "Q02\Q02.csproj", "{1FB7B4AE-4E75-4B84-867A-D873C5B4ACB2}"
EndProject
Project("{FAE04EC0-301F-11D3-BF4B-00C04F79EFBC}") = "Q02.Test", "Q02.Test\Q02.Test.csproj", "{28B39627-79E7-4E85-99D5-B2320B13C9A6}"
EndProject
Project("{FAE04EC0-301F-11D3-BF4B-00C04F79EFBC}") = "ParkingFee", "ParkingFee\ParkingFee.csproj", "{A28FDC4C-8DB2-4A14-9C87-4233DA94252A}"
EndProject
Project("{FAE04EC0-301F-11D3-BF4B-00C04F79EFBC}") = "Q01.Test", "Q01.Test\Q01.Test.csproj", "{5CBE4A0E-8812-44F0-8FF5-D07EF961BBAD}"
EndProject
Project("{FAE04EC0-301F-11D3-BF4B-00C04F79EFBC}") = "Q01", "Q01\Q01.csproj", "{F39EA51B-6C69-46D7-B487-C05AA18D8700}"
EndProject
Project("{FAE04EC0-301F-11D3-BF4B-00C04F79EFBC}") = "Q03", "ConsoleApp1\Q03.csproj", "{51A4B2BB-4C7E-4CFB-843D-722449B2047B}"
EndProject
Project("{FAE04EC0-301F-11D3-BF4B-00C04F79EFBC}") = "Q03.Test", "Q03.Test\Q03.Test.csproj", "{5B199837-6035-4DF6-A3AC-69821D32066F}"
EndProject
Project("{FAE04EC0-301F-11D3-BF4B-00C04F79EFBC}") = "Q04", "Q04\Q04.csproj", "{3DCD65DA-73D4-42AA-BD6E-BDB151DEC7F5}"
EndProject
Project("{FAE04EC0-301F-11D3-BF4B-00C04F79EFBC}") = "Q04.Test", "Q04.Test\Q04.Test.csproj", "{A38F056E-24D3-4A75-A3C3-5D2DD9C5010E}"
EndProject
Project("{FAE04EC0-301F-11D3-BF4B-00C04F79EFBC}") = "Q05", "Q05\Q05.csproj", "{5384F71A-DA91-4D21-BFEA-B4107A456353}"
EndProject
Project("{FAE04EC0-301F-11D3-BF4B-00C04F79EFBC}") = "Q05.Test", "Q05.Test\Q05.Test.csproj", "{ED5EB659-C989-4635-A422-F44CD8A839E0}"
EndProject
Project("{FAE04EC0-301F-11D3-BF4B-00C04F79EFBC}") = "Q06", "Q06\Q06.csproj", "{3FF6B5FE-CDD5-4406-A3CC-E77533D2A646}"
EndProject
Project("{FAE04EC0-301F-11D3-BF4B-00C04F79EFBC}") = "Q06.Test", "Q06.Test\Q06.Test.csproj", "{D608A34C-5C70-40BB-8489-A360CE6C58F0}"
EndProject
Project("{FAE04EC0-301F-11D3-BF4B-00C04F79EFBC}") = "Q08", "Q08\Q08.csproj", "{85112BF4-89D9-4E73-92AA-9ADB8D7A40B2}"
EndProject
Project("{FAE04EC0-301F-11D3-BF4B-00C04F79EFBC}") = "Q08.Test", "Q08.Test\Q08.Test.csproj", "{D20CAF26-B84F-47C0-BDF6-9944EED85914}"
EndProject
Project("{FAE04EC0-301F-11D3-BF4B-00C04F79EFBC}") = "Q09", "Q09\Q09.csproj", "{E9BF18F6-8EC1-4DB9-BCB2-52BFC7CBF9BB}"
EndProject
Project("{FAE04EC0-301F-11D3-BF4B-00C04F79EFBC}") = "Q09.Test", "Q09.Test\Q09.Test.csproj", "{A79477AD-4E99-492F-9E20-B6007AD5EE87}"
EndProject
Global
	GlobalSection(SolutionConfigurationPlatforms) = preSolution
		Debug|Any CPU = Debug|Any CPU
		Release|Any CPU = Release|Any CPU
	EndGlobalSection
	GlobalSection(ProjectConfigurationPlatforms) = postSolution
		{E8D4C258-7809-42EF-9C28-8C3DC48AF696}.Debug|Any CPU.ActiveCfg = Debug|Any CPU
		{E8D4C258-7809-42EF-9C28-8C3DC48AF696}.Debug|Any CPU.Build.0 = Debug|Any CPU
		{E8D4C258-7809-42EF-9C28-8C3DC48AF696}.Release|Any CPU.ActiveCfg = Release|Any CPU
		{E8D4C258-7809-42EF-9C28-8C3DC48AF696}.Release|Any CPU.Build.0 = Release|Any CPU
		{1FB7B4AE-4E75-4B84-867A-D873C5B4ACB2}.Debug|Any CPU.ActiveCfg = Debug|Any CPU
		{1FB7B4AE-4E75-4B84-867A-D873C5B4ACB2}.Debug|Any CPU.Build.0 = Debug|Any CPU
		{1FB7B4AE-4E75-4B84-867A-D873C5B4ACB2}.Release|Any CPU.ActiveCfg = Release|Any CPU
		{1FB7B4AE-4E75-4B84-867A-D873C5B4ACB2}.Release|Any CPU.Build.0 = Release|Any CPU
		{28B39627-79E7-4E85-99D5-B2320B13C9A6}.Debug|Any CPU.ActiveCfg = Debug|Any CPU
		{28B39627-79E7-4E85-99D5-B2320B13C9A6}.Debug|Any CPU.Build.0 = Debug|Any CPU
		{28B39627-79E7-4E85-99D5-B2320B13C9A6}.Release|Any CPU.ActiveCfg = Release|Any CPU
		{28B39627-79E7-4E85-99D5-B2320B13C9A6}.Release|Any CPU.Build.0 = Release|Any CPU
		{A28FDC4C-8DB2-4A14-9C87-4233DA94252A}.Debug|Any CPU.ActiveCfg = Debug|Any CPU
		{A28FDC4C-8DB2-4A14-9C87-4233DA94252A}.Debug|Any CPU.Build.0 = Debug|Any CPU
		{A28FDC4C-8DB2-4A14-9C87-4233DA94252A}.Release|Any CPU.ActiveCfg = Release|Any CPU
		{A28FDC4C-8DB2-4A14-9C87-4233DA94252A}.Release|Any CPU.Build.0 = Release|Any CPU
		{5CBE4A0E-8812-44F0-8FF5-D07EF961BBAD}.Debug|Any CPU.ActiveCfg = Debug|Any CPU
		{5CBE4A0E-8812-44F0-8FF5-D07EF961BBAD}.Debug|Any CPU.Build.0 = Debug|Any CPU
		{5CBE4A0E-8812-44F0-8FF5-D07EF961BBAD}.Release|Any CPU.ActiveCfg = Release|Any CPU
		{5CBE4A0E-8812-44F0-8FF5-D07EF961BBAD}.Release|Any CPU.Build.0 = Release|Any CPU
		{F39EA51B-6C69-46D7-B487-C05AA18D8700}.Debug|Any CPU.ActiveCfg = Debug|Any CPU
		{F39EA51B-6C69-46D7-B487-C05AA18D8700}.Debug|Any CPU.Build.0 = Debug|Any CPU
		{F39EA51B-6C69-46D7-B487-C05AA18D8700}.Release|Any CPU.ActiveCfg = Release|Any CPU
		{F39EA51B-6C69-46D7-B487-C05AA18D8700}.Release|Any CPU.Build.0 = Release|Any CPU
		{51A4B2BB-4C7E-4CFB-843D-722449B2047B}.Debug|Any CPU.ActiveCfg = Debug|Any CPU
		{51A4B2BB-4C7E-4CFB-843D-722449B2047B}.Debug|Any CPU.Build.0 = Debug|Any CPU
		{51A4B2BB-4C7E-4CFB-843D-722449B2047B}.Release|Any CPU.ActiveCfg = Release|Any CPU
		{51A4B2BB-4C7E-4CFB-843D-722449B2047B}.Release|Any CPU.Build.0 = Release|Any CPU
		{5B199837-6035-4DF6-A3AC-69821D32066F}.Debug|Any CPU.ActiveCfg = Debug|Any CPU
		{5B199837-6035-4DF6-A3AC-69821D32066F}.Debug|Any CPU.Build.0 = Debug|Any CPU
		{5B199837-6035-4DF6-A3AC-69821D32066F}.Release|Any CPU.ActiveCfg = Release|Any CPU
		{5B199837-6035-4DF6-A3AC-69821D32066F}.Release|Any CPU.Build.0 = Release|Any CPU
		{3DCD65DA-73D4-42AA-BD6E-BDB151DEC7F5}.Debug|Any CPU.ActiveCfg = Debug|Any CPU
		{3DCD65DA-73D4-42AA-BD6E-BDB151DEC7F5}.Debug|Any CPU.Build.0 = Debug|Any CPU
		{3DCD65DA-73D4-42AA-BD6E-BDB151DEC7F5}.Release|Any CPU.ActiveCfg = Release|Any CPU
		{3DCD65DA-73D4-42AA-BD6E-BDB151DEC7F5}.Release|Any CPU.Build.0 = Release|Any CPU
		{A38F056E-24D3-4A75-A3C3-5D2DD9C5010E}.Debug|Any CPU.ActiveCfg = Debug|Any CPU
		{A38F056E-24D3-4A75-A3C3-5D2DD9C5010E}.Debug|Any CPU.Build.0 = Debug|Any CPU
		{A38F056E-24D3-4A75-A3C3-5D2DD9C5010E}.Release|Any CPU.ActiveCfg = Release|Any CPU
		{A38F056E-24D3-4A75-A3C3-5D2DD9C5010E}.Release|Any CPU.Build.0 = Release|Any CPU
		{5384F71A-DA91-4D21-BFEA-B4107A456353}.Debug|Any CPU.ActiveCfg = Debug|Any CPU
		{5384F71A-DA91-4D21-BFEA-B4107A456353}.Debug|Any CPU.Build.0 = Debug|Any CPU
		{5384F71A-DA91-4D21-BFEA-B4107A456353}.Release|Any CPU.ActiveCfg = Release|Any CPU
		{5384F71A-DA91-4D21-BFEA-B4107A456353}.Release|Any CPU.Build.0 = Release|Any CPU
		{ED5EB659-C989-4635-A422-F44CD8A839E0}.Debug|Any CPU.ActiveCfg = Debug|Any CPU
		{ED5EB659-C989-4635-A422-F44CD8A839E0}.Debug|Any CPU.Build.0 = Debug|Any CPU
		{ED5EB659-C989-4635-A422-F44CD8A839E0}.Release|Any CPU.ActiveCfg = Release|Any CPU
		{ED5EB659-C989-4635-A422-F44CD8A839E0}.Release|Any CPU.Build.0 = Release|Any CPU
		{3FF6B5FE-CDD5-4406-A3CC-E77533D2A646}.Debug|Any CPU.ActiveCfg = Debug|Any CPU
		{3FF6B5FE-CDD5-4406-A3CC-E77533D2A646}.Debug|Any CPU.Build.0 = Debug|Any CPU
		{3FF6B5FE-CDD5-4406-A3CC-E77533D2A646}.Release|Any CPU.ActiveCfg = Release|Any CPU
		{3FF6B5FE-CDD5-4406-A3CC-E77533D2A646}.Release|Any CPU.Build.0 = Release|Any CPU
		{D608A34C-5C70-40BB-8489-A360CE6C58F0}.Debug|Any CPU.ActiveCfg = Debug|Any CPU
		{D608A34C-5C70-40BB-8489-A360CE6C58F0}.Debug|Any CPU.Build.0 = Debug|Any CPU
		{D608A34C-5C70-40BB-8489-A360CE6C58F0}.Release|Any CPU.ActiveCfg = Release|Any CPU
		{D608A34C-5C70-40BB-8489-A360CE6C58F0}.Release|Any CPU.Build.0 = Release|Any CPU
		{85112BF4-89D9-4E73-92AA-9ADB8D7A40B2}.Debug|Any CPU.ActiveCfg = Debug|Any CPU
		{85112BF4-89D9-4E73-92AA-9ADB8D7A40B2}.Debug|Any CPU.Build.0 = Debug|Any CPU
		{85112BF4-89D9-4E73-92AA-9ADB8D7A40B2}.Release|Any CPU.ActiveCfg = Release|Any CPU
		{85112BF4-89D9-4E73-92AA-9ADB8D7A40B2}.Release|Any CPU.Build.0 = Release|Any CPU
		{D20CAF26-B84F-47C0-BDF6-9944EED85914}.Debug|Any CPU.ActiveCfg = Debug|Any CPU
		{D20CAF26-B84F-47C0-BDF6-9944EED85914}.Debug|Any CPU.Build.0 = Debug|Any CPU
		{D20CAF26-B84F-47C0-BDF6-9944EED85914}.Release|Any CPU.ActiveCfg = Release|Any CPU
		{D20CAF26-B84F-47C0-BDF6-9944EED85914}.Release|Any CPU.Build.0 = Release|Any CPU
		{E9BF18F6-8EC1-4DB9-BCB2-52BFC7CBF9BB}.Debug|Any CPU.ActiveCfg = Debug|Any CPU
		{E9BF18F6-8EC1-4DB9-BCB2-52BFC7CBF9BB}.Debug|Any CPU.Build.0 = Debug|Any CPU
		{E9BF18F6-8EC1-4DB9-BCB2-52BFC7CBF9BB}.Release|Any CPU.ActiveCfg = Release|Any CPU
		{E9BF18F6-8EC1-4DB9-BCB2-52BFC7CBF9BB}.Release|Any CPU.Build.0 = Release|Any CPU
		{A79477AD-4E99-492F-9E20-B6007AD5EE87}.Debug|Any CPU.ActiveCfg = Debug|Any CPU
		{A79477AD-4E99-492F-9E20-B6007AD5EE87}.Debug|Any CPU.Build.0 = Debug|Any CPU
		{A79477AD-4E99-492F-9E20-B6007AD5EE87}.Release|Any CPU.ActiveCfg = Release|Any CPU
		{A79477AD-4E99-492F-9E20-B6007AD5EE87}.Release|Any CPU.Build.0 = Release|Any CPU
	EndGlobalSection
	GlobalSection(SolutionProperties) = preSolution
		HideSolutionNode = FALSE
	EndGlobalSection
	GlobalSection(ExtensibilityGlobals) = postSolution
		SolutionGuid = {74B23FB3-6EB1-482E-A076-344CF5E7BFF4}
	EndGlobalSection
EndGlobal
